// !$*UTF8*$!
{
	archiveVersion = 1;
	classes = {
	};
	objectVersion = 51;
	objects = {

/* Begin PBXBuildFile section */
		2C6F6A1E1D2E8E0BD63AB891 /* Pods_CharityDonationApp_CharityDonationAppUITests.framework in Frameworks */ = {isa = PBXBuildFile; fileRef = 40C6893930CC5476585631EE /* Pods_CharityDonationApp_CharityDonationAppUITests.framework */; };
		3AC9095A8787361FCE093B66 /* Pods_CharityDonationApp.framework in Frameworks */ = {isa = PBXBuildFile; fileRef = 4E0D4866DCB6FF940DAB5E96 /* Pods_CharityDonationApp.framework */; };
		4AD13DE0EF2C9859F612A8ED /* Pods_CharityDonationAppTests.framework in Frameworks */ = {isa = PBXBuildFile; fileRef = D47174BD8CDBC69D3444B73F /* Pods_CharityDonationAppTests.framework */; };
		4C4B86A124E030E700A63B27 /* CharityTableViewCell.swift in Sources */ = {isa = PBXBuildFile; fileRef = 4C4B86A024E030E700A63B27 /* CharityTableViewCell.swift */; };
		4C4B86A324E030EF00A63B27 /* CharityTableViewCell.xib in Resources */ = {isa = PBXBuildFile; fileRef = 4C4B86A224E030EF00A63B27 /* CharityTableViewCell.xib */; };
		4C4B86A524E030FB00A63B27 /* Constants.swift in Sources */ = {isa = PBXBuildFile; fileRef = 4C4B86A424E030FB00A63B27 /* Constants.swift */; };
		4C4B86AB24E0DA7A00A63B27 /* CharityDonationViewController.swift in Sources */ = {isa = PBXBuildFile; fileRef = 4C4B86AA24E0DA7A00A63B27 /* CharityDonationViewController.swift */; };
		4C4B86B524E0F76500A63B27 /* CustomTextField.swift in Sources */ = {isa = PBXBuildFile; fileRef = 4C4B86B424E0F76500A63B27 /* CustomTextField.swift */; };
		4C4B86B724E1603A00A63B27 /* CustomTextFieldPresenter.swift in Sources */ = {isa = PBXBuildFile; fileRef = 4C4B86B624E1603A00A63B27 /* CustomTextFieldPresenter.swift */; };
		4C4B86BA24E1607100A63B27 /* String+Extension.swift in Sources */ = {isa = PBXBuildFile; fileRef = 4C4B86B924E1607100A63B27 /* String+Extension.swift */; };
		4C4B86BC24E160DD00A63B27 /* CharityDonationViewModal.swift in Sources */ = {isa = PBXBuildFile; fileRef = 4C4B86BB24E160DD00A63B27 /* CharityDonationViewModal.swift */; };
		4C4B86BE24E167B900A63B27 /* DonationResult.swift in Sources */ = {isa = PBXBuildFile; fileRef = 4C4B86BD24E167B900A63B27 /* DonationResult.swift */; };
		4C4B86C024E2C73000A63B27 /* NetworkReachability.swift in Sources */ = {isa = PBXBuildFile; fileRef = 4C4B86BF24E2C72F00A63B27 /* NetworkReachability.swift */; };
		4C4B86C224E2C75900A63B27 /* UIViewController+Extension.swift in Sources */ = {isa = PBXBuildFile; fileRef = 4C4B86C124E2C75900A63B27 /* UIViewController+Extension.swift */; };
		4C4B86C424E2C76A00A63B27 /* ODManager.swift in Sources */ = {isa = PBXBuildFile; fileRef = 4C4B86C324E2C76A00A63B27 /* ODManager.swift */; };
		4C4B86C624E2C78000A63B27 /* CharityDonationError.swift in Sources */ = {isa = PBXBuildFile; fileRef = 4C4B86C524E2C78000A63B27 /* CharityDonationError.swift */; };
		4C4B86C824E2C83500A63B27 /* SuccessfullTransactionViewController.swift in Sources */ = {isa = PBXBuildFile; fileRef = 4C4B86C724E2C83500A63B27 /* SuccessfullTransactionViewController.swift */; };
		4C4B86CA24E2D6E400A63B27 /* HttpValidation.swift in Sources */ = {isa = PBXBuildFile; fileRef = 4C4B86C924E2D6E400A63B27 /* HttpValidation.swift */; };
		4C60FF8F24DE644C00F3BD9F /* AppDelegate.swift in Sources */ = {isa = PBXBuildFile; fileRef = 4C60FF8E24DE644C00F3BD9F /* AppDelegate.swift */; };
		4C60FF9124DE644C00F3BD9F /* SceneDelegate.swift in Sources */ = {isa = PBXBuildFile; fileRef = 4C60FF9024DE644C00F3BD9F /* SceneDelegate.swift */; };
		4C60FF9324DE644C00F3BD9F /* CharityListViewController.swift in Sources */ = {isa = PBXBuildFile; fileRef = 4C60FF9224DE644C00F3BD9F /* CharityListViewController.swift */; };
		4C60FF9624DE644C00F3BD9F /* Main.storyboard in Resources */ = {isa = PBXBuildFile; fileRef = 4C60FF9424DE644C00F3BD9F /* Main.storyboard */; };
		4C60FF9824DE645900F3BD9F /* Assets.xcassets in Resources */ = {isa = PBXBuildFile; fileRef = 4C60FF9724DE645900F3BD9F /* Assets.xcassets */; };
		4C60FF9B24DE645900F3BD9F /* LaunchScreen.storyboard in Resources */ = {isa = PBXBuildFile; fileRef = 4C60FF9924DE645900F3BD9F /* LaunchScreen.storyboard */; };
		4C60FFA624DE645A00F3BD9F /* CharityDonationAppTests.swift in Sources */ = {isa = PBXBuildFile; fileRef = 4C60FFA524DE645A00F3BD9F /* CharityDonationAppTests.swift */; };
		4C60FFB124DE645A00F3BD9F /* CharityDonationAppUITests.swift in Sources */ = {isa = PBXBuildFile; fileRef = 4C60FFB024DE645A00F3BD9F /* CharityDonationAppUITests.swift */; };
		4C60FFC024DE769800F3BD9F /* CharityViewModal.swift in Sources */ = {isa = PBXBuildFile; fileRef = 4C60FFBF24DE769800F3BD9F /* CharityViewModal.swift */; };
		4C60FFC624DE776D00F3BD9F /* NetworkManager.swift in Sources */ = {isa = PBXBuildFile; fileRef = 4C60FFC224DE776D00F3BD9F /* NetworkManager.swift */; };
		4C60FFC724DE776D00F3BD9F /* Request.swift in Sources */ = {isa = PBXBuildFile; fileRef = 4C60FFC324DE776D00F3BD9F /* Request.swift */; };
		4C60FFC824DE776D00F3BD9F /* URLRequestExtension.swift in Sources */ = {isa = PBXBuildFile; fileRef = 4C60FFC424DE776D00F3BD9F /* URLRequestExtension.swift */; };
		4C60FFC924DE776D00F3BD9F /* RequestType.swift in Sources */ = {isa = PBXBuildFile; fileRef = 4C60FFC524DE776D00F3BD9F /* RequestType.swift */; };
		4C60FFCC24DE7BA400F3BD9F /* Charity.swift in Sources */ = {isa = PBXBuildFile; fileRef = 4C60FFCB24DE7BA400F3BD9F /* Charity.swift */; };
		4C60FFCE24DEEBF400F3BD9F /* CharityList.swift in Sources */ = {isa = PBXBuildFile; fileRef = 4C60FFCD24DEEBF400F3BD9F /* CharityList.swift */; };
/* End PBXBuildFile section */

/* Begin PBXContainerItemProxy section */
		4C60FFA224DE645A00F3BD9F /* PBXContainerItemProxy */ = {
			isa = PBXContainerItemProxy;
			containerPortal = 4C60FF8324DE644B00F3BD9F /* Project object */;
			proxyType = 1;
			remoteGlobalIDString = 4C60FF8A24DE644B00F3BD9F;
			remoteInfo = CharityDonationApp;
		};
		4C60FFAD24DE645A00F3BD9F /* PBXContainerItemProxy */ = {
			isa = PBXContainerItemProxy;
			containerPortal = 4C60FF8324DE644B00F3BD9F /* Project object */;
			proxyType = 1;
			remoteGlobalIDString = 4C60FF8A24DE644B00F3BD9F;
			remoteInfo = CharityDonationApp;
		};
/* End PBXContainerItemProxy section */

/* Begin PBXFileReference section */
		0F33535149D8D6E1E8206051 /* Pods-CharityDonationApp.release.xcconfig */ = {isa = PBXFileReference; includeInIndex = 1; lastKnownFileType = text.xcconfig; name = "Pods-CharityDonationApp.release.xcconfig"; path = "Target Support Files/Pods-CharityDonationApp/Pods-CharityDonationApp.release.xcconfig"; sourceTree = "<group>"; };
		38C58917246AA99600008FC2 /* Pods-CharityDonationAppTests.debug.xcconfig */ = {isa = PBXFileReference; includeInIndex = 1; lastKnownFileType = text.xcconfig; name = "Pods-CharityDonationAppTests.debug.xcconfig"; path = "Target Support Files/Pods-CharityDonationAppTests/Pods-CharityDonationAppTests.debug.xcconfig"; sourceTree = "<group>"; };
		40C6893930CC5476585631EE /* Pods_CharityDonationApp_CharityDonationAppUITests.framework */ = {isa = PBXFileReference; explicitFileType = wrapper.framework; includeInIndex = 0; path = Pods_CharityDonationApp_CharityDonationAppUITests.framework; sourceTree = BUILT_PRODUCTS_DIR; };
		4C4B86A024E030E700A63B27 /* CharityTableViewCell.swift */ = {isa = PBXFileReference; fileEncoding = 4; lastKnownFileType = sourcecode.swift; path = CharityTableViewCell.swift; sourceTree = "<group>"; };
		4C4B86A224E030EF00A63B27 /* CharityTableViewCell.xib */ = {isa = PBXFileReference; fileEncoding = 4; lastKnownFileType = file.xib; path = CharityTableViewCell.xib; sourceTree = "<group>"; };
		4C4B86A424E030FB00A63B27 /* Constants.swift */ = {isa = PBXFileReference; fileEncoding = 4; lastKnownFileType = sourcecode.swift; path = Constants.swift; sourceTree = "<group>"; };
		4C4B86AA24E0DA7A00A63B27 /* CharityDonationViewController.swift */ = {isa = PBXFileReference; lastKnownFileType = sourcecode.swift; path = CharityDonationViewController.swift; sourceTree = "<group>"; };
		4C4B86AC24E0E81D00A63B27 /* OmiseSDK.framework */ = {isa = PBXFileReference; explicitFileType = wrapper.framework; path = OmiseSDK.framework; sourceTree = BUILT_PRODUCTS_DIR; };
		4C4B86B424E0F76500A63B27 /* CustomTextField.swift */ = {isa = PBXFileReference; lastKnownFileType = sourcecode.swift; path = CustomTextField.swift; sourceTree = "<group>"; };
		4C4B86B624E1603A00A63B27 /* CustomTextFieldPresenter.swift */ = {isa = PBXFileReference; lastKnownFileType = sourcecode.swift; path = CustomTextFieldPresenter.swift; sourceTree = "<group>"; };
		4C4B86B924E1607100A63B27 /* String+Extension.swift */ = {isa = PBXFileReference; lastKnownFileType = sourcecode.swift; path = "String+Extension.swift"; sourceTree = "<group>"; };
		4C4B86BB24E160DD00A63B27 /* CharityDonationViewModal.swift */ = {isa = PBXFileReference; lastKnownFileType = sourcecode.swift; path = CharityDonationViewModal.swift; sourceTree = "<group>"; };
		4C4B86BD24E167B900A63B27 /* DonationResult.swift */ = {isa = PBXFileReference; lastKnownFileType = sourcecode.swift; path = DonationResult.swift; sourceTree = "<group>"; };
		4C4B86BF24E2C72F00A63B27 /* NetworkReachability.swift */ = {isa = PBXFileReference; fileEncoding = 4; lastKnownFileType = sourcecode.swift; path = NetworkReachability.swift; sourceTree = "<group>"; };
		4C4B86C124E2C75900A63B27 /* UIViewController+Extension.swift */ = {isa = PBXFileReference; fileEncoding = 4; lastKnownFileType = sourcecode.swift; path = "UIViewController+Extension.swift"; sourceTree = "<group>"; };
		4C4B86C324E2C76A00A63B27 /* ODManager.swift */ = {isa = PBXFileReference; fileEncoding = 4; lastKnownFileType = sourcecode.swift; path = ODManager.swift; sourceTree = "<group>"; };
		4C4B86C524E2C78000A63B27 /* CharityDonationError.swift */ = {isa = PBXFileReference; fileEncoding = 4; lastKnownFileType = sourcecode.swift; path = CharityDonationError.swift; sourceTree = "<group>"; };
		4C4B86C724E2C83500A63B27 /* SuccessfullTransactionViewController.swift */ = {isa = PBXFileReference; fileEncoding = 4; lastKnownFileType = sourcecode.swift; path = SuccessfullTransactionViewController.swift; sourceTree = "<group>"; };
		4C4B86C924E2D6E400A63B27 /* HttpValidation.swift */ = {isa = PBXFileReference; lastKnownFileType = sourcecode.swift; path = HttpValidation.swift; sourceTree = "<group>"; };
		4C60FF8B24DE644C00F3BD9F /* CharityDonationApp.app */ = {isa = PBXFileReference; explicitFileType = wrapper.application; includeInIndex = 0; path = CharityDonationApp.app; sourceTree = BUILT_PRODUCTS_DIR; };
		4C60FF8E24DE644C00F3BD9F /* AppDelegate.swift */ = {isa = PBXFileReference; lastKnownFileType = sourcecode.swift; path = AppDelegate.swift; sourceTree = "<group>"; };
		4C60FF9024DE644C00F3BD9F /* SceneDelegate.swift */ = {isa = PBXFileReference; lastKnownFileType = sourcecode.swift; path = SceneDelegate.swift; sourceTree = "<group>"; };
		4C60FF9224DE644C00F3BD9F /* CharityListViewController.swift */ = {isa = PBXFileReference; lastKnownFileType = sourcecode.swift; path = CharityListViewController.swift; sourceTree = "<group>"; };
		4C60FF9524DE644C00F3BD9F /* Base */ = {isa = PBXFileReference; lastKnownFileType = file.storyboard; name = Base; path = Base.lproj/Main.storyboard; sourceTree = "<group>"; };
		4C60FF9724DE645900F3BD9F /* Assets.xcassets */ = {isa = PBXFileReference; lastKnownFileType = folder.assetcatalog; path = Assets.xcassets; sourceTree = "<group>"; };
		4C60FF9A24DE645900F3BD9F /* Base */ = {isa = PBXFileReference; lastKnownFileType = file.storyboard; name = Base; path = Base.lproj/LaunchScreen.storyboard; sourceTree = "<group>"; };
		4C60FF9C24DE645900F3BD9F /* Info.plist */ = {isa = PBXFileReference; lastKnownFileType = text.plist.xml; path = Info.plist; sourceTree = "<group>"; };
		4C60FFA124DE645A00F3BD9F /* CharityDonationAppTests.xctest */ = {isa = PBXFileReference; explicitFileType = wrapper.cfbundle; includeInIndex = 0; path = CharityDonationAppTests.xctest; sourceTree = BUILT_PRODUCTS_DIR; };
		4C60FFA524DE645A00F3BD9F /* CharityDonationAppTests.swift */ = {isa = PBXFileReference; lastKnownFileType = sourcecode.swift; path = CharityDonationAppTests.swift; sourceTree = "<group>"; };
		4C60FFA724DE645A00F3BD9F /* Info.plist */ = {isa = PBXFileReference; lastKnownFileType = text.plist.xml; path = Info.plist; sourceTree = "<group>"; };
		4C60FFAC24DE645A00F3BD9F /* CharityDonationAppUITests.xctest */ = {isa = PBXFileReference; explicitFileType = wrapper.cfbundle; includeInIndex = 0; path = CharityDonationAppUITests.xctest; sourceTree = BUILT_PRODUCTS_DIR; };
		4C60FFB024DE645A00F3BD9F /* CharityDonationAppUITests.swift */ = {isa = PBXFileReference; lastKnownFileType = sourcecode.swift; path = CharityDonationAppUITests.swift; sourceTree = "<group>"; };
		4C60FFB224DE645A00F3BD9F /* Info.plist */ = {isa = PBXFileReference; lastKnownFileType = text.plist.xml; path = Info.plist; sourceTree = "<group>"; };
		4C60FFBF24DE769800F3BD9F /* CharityViewModal.swift */ = {isa = PBXFileReference; lastKnownFileType = sourcecode.swift; path = CharityViewModal.swift; sourceTree = "<group>"; };
		4C60FFC224DE776D00F3BD9F /* NetworkManager.swift */ = {isa = PBXFileReference; fileEncoding = 4; lastKnownFileType = sourcecode.swift; path = NetworkManager.swift; sourceTree = "<group>"; };
		4C60FFC324DE776D00F3BD9F /* Request.swift */ = {isa = PBXFileReference; fileEncoding = 4; lastKnownFileType = sourcecode.swift; path = Request.swift; sourceTree = "<group>"; };
		4C60FFC424DE776D00F3BD9F /* URLRequestExtension.swift */ = {isa = PBXFileReference; fileEncoding = 4; lastKnownFileType = sourcecode.swift; path = URLRequestExtension.swift; sourceTree = "<group>"; };
		4C60FFC524DE776D00F3BD9F /* RequestType.swift */ = {isa = PBXFileReference; fileEncoding = 4; lastKnownFileType = sourcecode.swift; path = RequestType.swift; sourceTree = "<group>"; };
		4C60FFCB24DE7BA400F3BD9F /* Charity.swift */ = {isa = PBXFileReference; lastKnownFileType = sourcecode.swift; path = Charity.swift; sourceTree = "<group>"; };
		4C60FFCD24DEEBF400F3BD9F /* CharityList.swift */ = {isa = PBXFileReference; lastKnownFileType = sourcecode.swift; path = CharityList.swift; sourceTree = "<group>"; };
		4E0D4866DCB6FF940DAB5E96 /* Pods_CharityDonationApp.framework */ = {isa = PBXFileReference; explicitFileType = wrapper.framework; includeInIndex = 0; path = Pods_CharityDonationApp.framework; sourceTree = BUILT_PRODUCTS_DIR; };
		575FD5BC0FC3B40466914E32 /* Pods-CharityDonationApp-CharityDonationAppUITests.release.xcconfig */ = {isa = PBXFileReference; includeInIndex = 1; lastKnownFileType = text.xcconfig; name = "Pods-CharityDonationApp-CharityDonationAppUITests.release.xcconfig"; path = "Target Support Files/Pods-CharityDonationApp-CharityDonationAppUITests/Pods-CharityDonationApp-CharityDonationAppUITests.release.xcconfig"; sourceTree = "<group>"; };
		5DEF33FC8BFC2FD327CE2DEF /* Pods-CharityDonationAppTests.release.xcconfig */ = {isa = PBXFileReference; includeInIndex = 1; lastKnownFileType = text.xcconfig; name = "Pods-CharityDonationAppTests.release.xcconfig"; path = "Target Support Files/Pods-CharityDonationAppTests/Pods-CharityDonationAppTests.release.xcconfig"; sourceTree = "<group>"; };
		7B9C47E818BFB6EF1C4A5B7C /* Pods-CharityDonationApp-CharityDonationAppUITests.debug.xcconfig */ = {isa = PBXFileReference; includeInIndex = 1; lastKnownFileType = text.xcconfig; name = "Pods-CharityDonationApp-CharityDonationAppUITests.debug.xcconfig"; path = "Target Support Files/Pods-CharityDonationApp-CharityDonationAppUITests/Pods-CharityDonationApp-CharityDonationAppUITests.debug.xcconfig"; sourceTree = "<group>"; };
		A4352A3D110E1E8CB54E7271 /* Pods-CharityDonationApp.debug.xcconfig */ = {isa = PBXFileReference; includeInIndex = 1; lastKnownFileType = text.xcconfig; name = "Pods-CharityDonationApp.debug.xcconfig"; path = "Target Support Files/Pods-CharityDonationApp/Pods-CharityDonationApp.debug.xcconfig"; sourceTree = "<group>"; };
		D47174BD8CDBC69D3444B73F /* Pods_CharityDonationAppTests.framework */ = {isa = PBXFileReference; explicitFileType = wrapper.framework; includeInIndex = 0; path = Pods_CharityDonationAppTests.framework; sourceTree = BUILT_PRODUCTS_DIR; };
/* End PBXFileReference section */

/* Begin PBXFrameworksBuildPhase section */
		4C60FF8824DE644B00F3BD9F /* Frameworks */ = {
			isa = PBXFrameworksBuildPhase;
			buildActionMask = 2147483647;
			files = (
				3AC9095A8787361FCE093B66 /* Pods_CharityDonationApp.framework in Frameworks */,
			);
			runOnlyForDeploymentPostprocessing = 0;
		};
		4C60FF9E24DE645A00F3BD9F /* Frameworks */ = {
			isa = PBXFrameworksBuildPhase;
			buildActionMask = 2147483647;
			files = (
				4AD13DE0EF2C9859F612A8ED /* Pods_CharityDonationAppTests.framework in Frameworks */,
			);
			runOnlyForDeploymentPostprocessing = 0;
		};
		4C60FFA924DE645A00F3BD9F /* Frameworks */ = {
			isa = PBXFrameworksBuildPhase;
			buildActionMask = 2147483647;
			files = (
				2C6F6A1E1D2E8E0BD63AB891 /* Pods_CharityDonationApp_CharityDonationAppUITests.framework in Frameworks */,
			);
			runOnlyForDeploymentPostprocessing = 0;
		};
/* End PBXFrameworksBuildPhase section */

/* Begin PBXGroup section */
		0AED4877A8C546471F28ABA7 /* Pods */ = {
			isa = PBXGroup;
			children = (
				A4352A3D110E1E8CB54E7271 /* Pods-CharityDonationApp.debug.xcconfig */,
				0F33535149D8D6E1E8206051 /* Pods-CharityDonationApp.release.xcconfig */,
				7B9C47E818BFB6EF1C4A5B7C /* Pods-CharityDonationApp-CharityDonationAppUITests.debug.xcconfig */,
				575FD5BC0FC3B40466914E32 /* Pods-CharityDonationApp-CharityDonationAppUITests.release.xcconfig */,
				38C58917246AA99600008FC2 /* Pods-CharityDonationAppTests.debug.xcconfig */,
				5DEF33FC8BFC2FD327CE2DEF /* Pods-CharityDonationAppTests.release.xcconfig */,
			);
			path = Pods;
			sourceTree = "<group>";
		};
		4C4B869D24E030B000A63B27 /* View */ = {
			isa = PBXGroup;
			children = (
				4C4B86A224E030EF00A63B27 /* CharityTableViewCell.xib */,
				4C4B86A024E030E700A63B27 /* CharityTableViewCell.swift */,
			);
			path = View;
			sourceTree = "<group>";
		};
		4C4B869E24E030C600A63B27 /* Controller */ = {
			isa = PBXGroup;
			children = (
				4C60FF9224DE644C00F3BD9F /* CharityListViewController.swift */,
			);
			path = Controller;
			sourceTree = "<group>";
		};
		4C4B869F24E030D200A63B27 /* ViewModal */ = {
			isa = PBXGroup;
			children = (
				4C60FFBF24DE769800F3BD9F /* CharityViewModal.swift */,
			);
			path = ViewModal;
			sourceTree = "<group>";
		};
		4C4B86A624E039BB00A63B27 /* CharityDonation */ = {
			isa = PBXGroup;
			children = (
				4C4B86A924E03B7D00A63B27 /* Controller */,
				4C4B86A824E03B7400A63B27 /* View */,
				4C4B86A724E03B6400A63B27 /* ViewModal */,
			);
			path = CharityDonation;
			sourceTree = "<group>";
		};
		4C4B86A724E03B6400A63B27 /* ViewModal */ = {
			isa = PBXGroup;
			children = (
				4C4B86BB24E160DD00A63B27 /* CharityDonationViewModal.swift */,
			);
			path = ViewModal;
			sourceTree = "<group>";
		};
		4C4B86A824E03B7400A63B27 /* View */ = {
			isa = PBXGroup;
			children = (
			);
			path = View;
			sourceTree = "<group>";
		};
		4C4B86A924E03B7D00A63B27 /* Controller */ = {
			isa = PBXGroup;
			children = (
				4C4B86AA24E0DA7A00A63B27 /* CharityDonationViewController.swift */,
				4C4B86C724E2C83500A63B27 /* SuccessfullTransactionViewController.swift */,
			);
			path = Controller;
			sourceTree = "<group>";
		};
		4C4B86B824E1604800A63B27 /* Common */ = {
			isa = PBXGroup;
			children = (
				4C4B86C324E2C76A00A63B27 /* ODManager.swift */,
				4C4B86C124E2C75900A63B27 /* UIViewController+Extension.swift */,
				4C4B86BF24E2C72F00A63B27 /* NetworkReachability.swift */,
				4C4B86A424E030FB00A63B27 /* Constants.swift */,
				4C4B86B424E0F76500A63B27 /* CustomTextField.swift */,
				4C4B86B624E1603A00A63B27 /* CustomTextFieldPresenter.swift */,
				4C4B86B924E1607100A63B27 /* String+Extension.swift */,
			);
			path = Common;
			sourceTree = "<group>";
		};
		4C60FF8224DE644B00F3BD9F = {
			isa = PBXGroup;
			children = (
				4C60FF8D24DE644C00F3BD9F /* CharityDonationApp */,
				4C60FFA424DE645A00F3BD9F /* CharityDonationAppTests */,
				4C60FFAF24DE645A00F3BD9F /* CharityDonationAppUITests */,
				4C60FF8C24DE644C00F3BD9F /* Products */,
				0AED4877A8C546471F28ABA7 /* Pods */,
				B4107BD63ED4EEABDC0EE980 /* Frameworks */,
			);
			sourceTree = "<group>";
		};
		4C60FF8C24DE644C00F3BD9F /* Products */ = {
			isa = PBXGroup;
			children = (
				4C60FF8B24DE644C00F3BD9F /* CharityDonationApp.app */,
				4C60FFA124DE645A00F3BD9F /* CharityDonationAppTests.xctest */,
				4C60FFAC24DE645A00F3BD9F /* CharityDonationAppUITests.xctest */,
			);
			name = Products;
			sourceTree = "<group>";
		};
		4C60FF8D24DE644C00F3BD9F /* CharityDonationApp */ = {
			isa = PBXGroup;
			children = (
				4C4B86B824E1604800A63B27 /* Common */,
				4C60FFCA24DE7AD100F3BD9F /* Models */,
				4C60FFC124DE776D00F3BD9F /* Network */,
				4C60FFBE24DE6B0D00F3BD9F /* CharityList */,
				4C4B86A624E039BB00A63B27 /* CharityDonation */,
				4C60FF8E24DE644C00F3BD9F /* AppDelegate.swift */,
				4C60FF9024DE644C00F3BD9F /* SceneDelegate.swift */,
				4C60FF9424DE644C00F3BD9F /* Main.storyboard */,
				4C60FF9724DE645900F3BD9F /* Assets.xcassets */,
				4C60FF9924DE645900F3BD9F /* LaunchScreen.storyboard */,
				4C60FF9C24DE645900F3BD9F /* Info.plist */,
			);
			path = CharityDonationApp;
			sourceTree = "<group>";
		};
		4C60FFA424DE645A00F3BD9F /* CharityDonationAppTests */ = {
			isa = PBXGroup;
			children = (
				4C60FFA524DE645A00F3BD9F /* CharityDonationAppTests.swift */,
				4C60FFA724DE645A00F3BD9F /* Info.plist */,
			);
			path = CharityDonationAppTests;
			sourceTree = "<group>";
		};
		4C60FFAF24DE645A00F3BD9F /* CharityDonationAppUITests */ = {
			isa = PBXGroup;
			children = (
				4C60FFB024DE645A00F3BD9F /* CharityDonationAppUITests.swift */,
				4C60FFB224DE645A00F3BD9F /* Info.plist */,
			);
			path = CharityDonationAppUITests;
			sourceTree = "<group>";
		};
		4C60FFBE24DE6B0D00F3BD9F /* CharityList */ = {
			isa = PBXGroup;
			children = (
				4C4B869F24E030D200A63B27 /* ViewModal */,
				4C4B869E24E030C600A63B27 /* Controller */,
				4C4B869D24E030B000A63B27 /* View */,
			);
			path = CharityList;
			sourceTree = "<group>";
		};
		4C60FFC124DE776D00F3BD9F /* Network */ = {
			isa = PBXGroup;
			children = (
				4C60FFC224DE776D00F3BD9F /* NetworkManager.swift */,
				4C60FFC324DE776D00F3BD9F /* Request.swift */,
				4C60FFC424DE776D00F3BD9F /* URLRequestExtension.swift */,
				4C60FFC524DE776D00F3BD9F /* RequestType.swift */,
				4C4B86C924E2D6E400A63B27 /* HttpValidation.swift */,
				4C4B86C524E2C78000A63B27 /* CharityDonationError.swift */,
			);
			path = Network;
			sourceTree = "<group>";
		};
		4C60FFCA24DE7AD100F3BD9F /* Models */ = {
			isa = PBXGroup;
			children = (
				4C60FFCB24DE7BA400F3BD9F /* Charity.swift */,
				4C60FFCD24DEEBF400F3BD9F /* CharityList.swift */,
				4C4B86BD24E167B900A63B27 /* DonationResult.swift */,
			);
			path = Models;
			sourceTree = "<group>";
		};
		B4107BD63ED4EEABDC0EE980 /* Frameworks */ = {
			isa = PBXGroup;
			children = (
				4E0D4866DCB6FF940DAB5E96 /* Pods_CharityDonationApp.framework */,
				4C4B86AC24E0E81D00A63B27 /* OmiseSDK.framework */,
				40C6893930CC5476585631EE /* Pods_CharityDonationApp_CharityDonationAppUITests.framework */,
				D47174BD8CDBC69D3444B73F /* Pods_CharityDonationAppTests.framework */,
			);
			name = Frameworks;
			sourceTree = "<group>";
		};
/* End PBXGroup section */

/* Begin PBXNativeTarget section */
		4C60FF8A24DE644B00F3BD9F /* CharityDonationApp */ = {
			isa = PBXNativeTarget;
			buildConfigurationList = 4C60FFB524DE645A00F3BD9F /* Build configuration list for PBXNativeTarget "CharityDonationApp" */;
			buildPhases = (
				C8A502B0D001E2D6683DDF3F /* [CP] Check Pods Manifest.lock */,
				4C60FF8724DE644B00F3BD9F /* Sources */,
				4C60FF8824DE644B00F3BD9F /* Frameworks */,
				4C60FF8924DE644B00F3BD9F /* Resources */,
				3FD80B1D80EF1D801B1F60D1 /* [CP] Embed Pods Frameworks */,
			);
			buildRules = (
			);
			dependencies = (
			);
			name = CharityDonationApp;
			productName = CharityDonationApp;
			productReference = 4C60FF8B24DE644C00F3BD9F /* CharityDonationApp.app */;
			productType = "com.apple.product-type.application";
		};
		4C60FFA024DE645A00F3BD9F /* CharityDonationAppTests */ = {
			isa = PBXNativeTarget;
			buildConfigurationList = 4C60FFB824DE645A00F3BD9F /* Build configuration list for PBXNativeTarget "CharityDonationAppTests" */;
			buildPhases = (
				994F843B8E4057AA21C19EBA /* [CP] Check Pods Manifest.lock */,
				4C60FF9D24DE645A00F3BD9F /* Sources */,
				4C60FF9E24DE645A00F3BD9F /* Frameworks */,
				4C60FF9F24DE645A00F3BD9F /* Resources */,
			);
			buildRules = (
			);
			dependencies = (
				4C60FFA324DE645A00F3BD9F /* PBXTargetDependency */,
			);
			name = CharityDonationAppTests;
			productName = CharityDonationAppTests;
			productReference = 4C60FFA124DE645A00F3BD9F /* CharityDonationAppTests.xctest */;
			productType = "com.apple.product-type.bundle.unit-test";
		};
		4C60FFAB24DE645A00F3BD9F /* CharityDonationAppUITests */ = {
			isa = PBXNativeTarget;
			buildConfigurationList = 4C60FFBB24DE645A00F3BD9F /* Build configuration list for PBXNativeTarget "CharityDonationAppUITests" */;
			buildPhases = (
				3075DEFE1249F2F4DC862A40 /* [CP] Check Pods Manifest.lock */,
				4C60FFA824DE645A00F3BD9F /* Sources */,
				4C60FFA924DE645A00F3BD9F /* Frameworks */,
				4C60FFAA24DE645A00F3BD9F /* Resources */,
				7A6AD15755DC0A0D123E6817 /* [CP] Embed Pods Frameworks */,
			);
			buildRules = (
			);
			dependencies = (
				4C60FFAE24DE645A00F3BD9F /* PBXTargetDependency */,
			);
			name = CharityDonationAppUITests;
			productName = CharityDonationAppUITests;
			productReference = 4C60FFAC24DE645A00F3BD9F /* CharityDonationAppUITests.xctest */;
			productType = "com.apple.product-type.bundle.ui-testing";
		};
/* End PBXNativeTarget section */

/* Begin PBXProject section */
		4C60FF8324DE644B00F3BD9F /* Project object */ = {
			isa = PBXProject;
			attributes = {
				LastSwiftUpdateCheck = 1150;
				LastUpgradeCheck = 1150;
				ORGANIZATIONNAME = "Ramesh B";
				TargetAttributes = {
					4C60FF8A24DE644B00F3BD9F = {
						CreatedOnToolsVersion = 11.5;
					};
					4C60FFA024DE645A00F3BD9F = {
						CreatedOnToolsVersion = 11.5;
						TestTargetID = 4C60FF8A24DE644B00F3BD9F;
					};
					4C60FFAB24DE645A00F3BD9F = {
						CreatedOnToolsVersion = 11.5;
						TestTargetID = 4C60FF8A24DE644B00F3BD9F;
					};
				};
			};
			buildConfigurationList = 4C60FF8624DE644B00F3BD9F /* Build configuration list for PBXProject "CharityDonationApp" */;
			compatibilityVersion = "Xcode 9.3";
			developmentRegion = en;
			hasScannedForEncodings = 0;
			knownRegions = (
				en,
				Base,
			);
			mainGroup = 4C60FF8224DE644B00F3BD9F;
			productRefGroup = 4C60FF8C24DE644C00F3BD9F /* Products */;
			projectDirPath = "";
			projectRoot = "";
			targets = (
				4C60FF8A24DE644B00F3BD9F /* CharityDonationApp */,
				4C60FFA024DE645A00F3BD9F /* CharityDonationAppTests */,
				4C60FFAB24DE645A00F3BD9F /* CharityDonationAppUITests */,
			);
		};
/* End PBXProject section */

/* Begin PBXResourcesBuildPhase section */
		4C60FF8924DE644B00F3BD9F /* Resources */ = {
			isa = PBXResourcesBuildPhase;
			buildActionMask = 2147483647;
			files = (
				4C4B86A324E030EF00A63B27 /* CharityTableViewCell.xib in Resources */,
				4C60FF9B24DE645900F3BD9F /* LaunchScreen.storyboard in Resources */,
				4C60FF9824DE645900F3BD9F /* Assets.xcassets in Resources */,
				4C60FF9624DE644C00F3BD9F /* Main.storyboard in Resources */,
			);
			runOnlyForDeploymentPostprocessing = 0;
		};
		4C60FF9F24DE645A00F3BD9F /* Resources */ = {
			isa = PBXResourcesBuildPhase;
			buildActionMask = 2147483647;
			files = (
			);
			runOnlyForDeploymentPostprocessing = 0;
		};
		4C60FFAA24DE645A00F3BD9F /* Resources */ = {
			isa = PBXResourcesBuildPhase;
			buildActionMask = 2147483647;
			files = (
			);
			runOnlyForDeploymentPostprocessing = 0;
		};
/* End PBXResourcesBuildPhase section */

/* Begin PBXShellScriptBuildPhase section */
		3075DEFE1249F2F4DC862A40 /* [CP] Check Pods Manifest.lock */ = {
			isa = PBXShellScriptBuildPhase;
			buildActionMask = 2147483647;
			files = (
			);
			inputFileListPaths = (
			);
			inputPaths = (
				"${PODS_PODFILE_DIR_PATH}/Podfile.lock",
				"${PODS_ROOT}/Manifest.lock",
			);
			name = "[CP] Check Pods Manifest.lock";
			outputFileListPaths = (
			);
			outputPaths = (
				"$(DERIVED_FILE_DIR)/Pods-CharityDonationApp-CharityDonationAppUITests-checkManifestLockResult.txt",
			);
			runOnlyForDeploymentPostprocessing = 0;
			shellPath = /bin/sh;
			shellScript = "diff \"${PODS_PODFILE_DIR_PATH}/Podfile.lock\" \"${PODS_ROOT}/Manifest.lock\" > /dev/null\nif [ $? != 0 ] ; then\n    # print error to STDERR\n    echo \"error: The sandbox is not in sync with the Podfile.lock. Run 'pod install' or update your CocoaPods installation.\" >&2\n    exit 1\nfi\n# This output is used by Xcode 'outputs' to avoid re-running this script phase.\necho \"SUCCESS\" > \"${SCRIPT_OUTPUT_FILE_0}\"\n";
			showEnvVarsInLog = 0;
		};
		3FD80B1D80EF1D801B1F60D1 /* [CP] Embed Pods Frameworks */ = {
			isa = PBXShellScriptBuildPhase;
			buildActionMask = 2147483647;
			files = (
			);
			inputFileListPaths = (
				"${PODS_ROOT}/Target Support Files/Pods-CharityDonationApp/Pods-CharityDonationApp-frameworks-${CONFIGURATION}-input-files.xcfilelist",
			);
			name = "[CP] Embed Pods Frameworks";
			outputFileListPaths = (
				"${PODS_ROOT}/Target Support Files/Pods-CharityDonationApp/Pods-CharityDonationApp-frameworks-${CONFIGURATION}-output-files.xcfilelist",
			);
			runOnlyForDeploymentPostprocessing = 0;
			shellPath = /bin/sh;
			shellScript = "\"${PODS_ROOT}/Target Support Files/Pods-CharityDonationApp/Pods-CharityDonationApp-frameworks.sh\"\n";
			showEnvVarsInLog = 0;
		};
		7A6AD15755DC0A0D123E6817 /* [CP] Embed Pods Frameworks */ = {
			isa = PBXShellScriptBuildPhase;
			buildActionMask = 2147483647;
			files = (
			);
			inputFileListPaths = (
				"${PODS_ROOT}/Target Support Files/Pods-CharityDonationApp-CharityDonationAppUITests/Pods-CharityDonationApp-CharityDonationAppUITests-frameworks-${CONFIGURATION}-input-files.xcfilelist",
			);
			name = "[CP] Embed Pods Frameworks";
			outputFileListPaths = (
				"${PODS_ROOT}/Target Support Files/Pods-CharityDonationApp-CharityDonationAppUITests/Pods-CharityDonationApp-CharityDonationAppUITests-frameworks-${CONFIGURATION}-output-files.xcfilelist",
			);
			runOnlyForDeploymentPostprocessing = 0;
			shellPath = /bin/sh;
			shellScript = "\"${PODS_ROOT}/Target Support Files/Pods-CharityDonationApp-CharityDonationAppUITests/Pods-CharityDonationApp-CharityDonationAppUITests-frameworks.sh\"\n";
			showEnvVarsInLog = 0;
		};
		994F843B8E4057AA21C19EBA /* [CP] Check Pods Manifest.lock */ = {
			isa = PBXShellScriptBuildPhase;
			buildActionMask = 2147483647;
			files = (
			);
			inputFileListPaths = (
			);
			inputPaths = (
				"${PODS_PODFILE_DIR_PATH}/Podfile.lock",
				"${PODS_ROOT}/Manifest.lock",
			);
			name = "[CP] Check Pods Manifest.lock";
			outputFileListPaths = (
			);
			outputPaths = (
				"$(DERIVED_FILE_DIR)/Pods-CharityDonationAppTests-checkManifestLockResult.txt",
			);
			runOnlyForDeploymentPostprocessing = 0;
			shellPath = /bin/sh;
			shellScript = "diff \"${PODS_PODFILE_DIR_PATH}/Podfile.lock\" \"${PODS_ROOT}/Manifest.lock\" > /dev/null\nif [ $? != 0 ] ; then\n    # print error to STDERR\n    echo \"error: The sandbox is not in sync with the Podfile.lock. Run 'pod install' or update your CocoaPods installation.\" >&2\n    exit 1\nfi\n# This output is used by Xcode 'outputs' to avoid re-running this script phase.\necho \"SUCCESS\" > \"${SCRIPT_OUTPUT_FILE_0}\"\n";
			showEnvVarsInLog = 0;
		};
		C8A502B0D001E2D6683DDF3F /* [CP] Check Pods Manifest.lock */ = {
			isa = PBXShellScriptBuildPhase;
			buildActionMask = 2147483647;
			files = (
			);
			inputFileListPaths = (
			);
			inputPaths = (
				"${PODS_PODFILE_DIR_PATH}/Podfile.lock",
				"${PODS_ROOT}/Manifest.lock",
			);
			name = "[CP] Check Pods Manifest.lock";
			outputFileListPaths = (
			);
			outputPaths = (
				"$(DERIVED_FILE_DIR)/Pods-CharityDonationApp-checkManifestLockResult.txt",
			);
			runOnlyForDeploymentPostprocessing = 0;
			shellPath = /bin/sh;
			shellScript = "diff \"${PODS_PODFILE_DIR_PATH}/Podfile.lock\" \"${PODS_ROOT}/Manifest.lock\" > /dev/null\nif [ $? != 0 ] ; then\n    # print error to STDERR\n    echo \"error: The sandbox is not in sync with the Podfile.lock. Run 'pod install' or update your CocoaPods installation.\" >&2\n    exit 1\nfi\n# This output is used by Xcode 'outputs' to avoid re-running this script phase.\necho \"SUCCESS\" > \"${SCRIPT_OUTPUT_FILE_0}\"\n";
			showEnvVarsInLog = 0;
		};
/* End PBXShellScriptBuildPhase section */

/* Begin PBXSourcesBuildPhase section */
		4C60FF8724DE644B00F3BD9F /* Sources */ = {
			isa = PBXSourcesBuildPhase;
			buildActionMask = 2147483647;
			files = (
				4C4B86C424E2C76A00A63B27 /* ODManager.swift in Sources */,
				4C4B86BC24E160DD00A63B27 /* CharityDonationViewModal.swift in Sources */,
				4C4B86CA24E2D6E400A63B27 /* HttpValidation.swift in Sources */,
				4C4B86BA24E1607100A63B27 /* String+Extension.swift in Sources */,
				4C60FF9324DE644C00F3BD9F /* CharityListViewController.swift in Sources */,
				4C4B86B724E1603A00A63B27 /* CustomTextFieldPresenter.swift in Sources */,
				4C4B86B524E0F76500A63B27 /* CustomTextField.swift in Sources */,
				4C60FFC724DE776D00F3BD9F /* Request.swift in Sources */,
				4C60FFCE24DEEBF400F3BD9F /* CharityList.swift in Sources */,
				4C4B86C024E2C73000A63B27 /* NetworkReachability.swift in Sources */,
				4C4B86C224E2C75900A63B27 /* UIViewController+Extension.swift in Sources */,
				4C60FFC024DE769800F3BD9F /* CharityViewModal.swift in Sources */,
				4C4B86A124E030E700A63B27 /* CharityTableViewCell.swift in Sources */,
				4C60FFC624DE776D00F3BD9F /* NetworkManager.swift in Sources */,
				4C4B86C624E2C78000A63B27 /* CharityDonationError.swift in Sources */,
				4C4B86AB24E0DA7A00A63B27 /* CharityDonationViewController.swift in Sources */,
				4C60FFCC24DE7BA400F3BD9F /* Charity.swift in Sources */,
				4C4B86BE24E167B900A63B27 /* DonationResult.swift in Sources */,
				4C60FFC824DE776D00F3BD9F /* URLRequestExtension.swift in Sources */,
				4C60FF8F24DE644C00F3BD9F /* AppDelegate.swift in Sources */,
				4C60FF9124DE644C00F3BD9F /* SceneDelegate.swift in Sources */,
				4C4B86C824E2C83500A63B27 /* SuccessfullTransactionViewController.swift in Sources */,
				4C60FFC924DE776D00F3BD9F /* RequestType.swift in Sources */,
				4C4B86A524E030FB00A63B27 /* Constants.swift in Sources */,
			);
			runOnlyForDeploymentPostprocessing = 0;
		};
		4C60FF9D24DE645A00F3BD9F /* Sources */ = {
			isa = PBXSourcesBuildPhase;
			buildActionMask = 2147483647;
			files = (
				4C60FFA624DE645A00F3BD9F /* CharityDonationAppTests.swift in Sources */,
			);
			runOnlyForDeploymentPostprocessing = 0;
		};
		4C60FFA824DE645A00F3BD9F /* Sources */ = {
			isa = PBXSourcesBuildPhase;
			buildActionMask = 2147483647;
			files = (
				4C60FFB124DE645A00F3BD9F /* CharityDonationAppUITests.swift in Sources */,
			);
			runOnlyForDeploymentPostprocessing = 0;
		};
/* End PBXSourcesBuildPhase section */

/* Begin PBXTargetDependency section */
		4C60FFA324DE645A00F3BD9F /* PBXTargetDependency */ = {
			isa = PBXTargetDependency;
			target = 4C60FF8A24DE644B00F3BD9F /* CharityDonationApp */;
			targetProxy = 4C60FFA224DE645A00F3BD9F /* PBXContainerItemProxy */;
		};
		4C60FFAE24DE645A00F3BD9F /* PBXTargetDependency */ = {
			isa = PBXTargetDependency;
			target = 4C60FF8A24DE644B00F3BD9F /* CharityDonationApp */;
			targetProxy = 4C60FFAD24DE645A00F3BD9F /* PBXContainerItemProxy */;
		};
/* End PBXTargetDependency section */

/* Begin PBXVariantGroup section */
		4C60FF9424DE644C00F3BD9F /* Main.storyboard */ = {
			isa = PBXVariantGroup;
			children = (
				4C60FF9524DE644C00F3BD9F /* Base */,
			);
			name = Main.storyboard;
			sourceTree = "<group>";
		};
		4C60FF9924DE645900F3BD9F /* LaunchScreen.storyboard */ = {
			isa = PBXVariantGroup;
			children = (
				4C60FF9A24DE645900F3BD9F /* Base */,
			);
			name = LaunchScreen.storyboard;
			sourceTree = "<group>";
		};
/* End PBXVariantGroup section */

/* Begin XCBuildConfiguration section */
		4C60FFB324DE645A00F3BD9F /* Debug */ = {
			isa = XCBuildConfiguration;
			buildSettings = {
				ALWAYS_SEARCH_USER_PATHS = NO;
				CLANG_ANALYZER_NONNULL = YES;
				CLANG_ANALYZER_NUMBER_OBJECT_CONVERSION = YES_AGGRESSIVE;
				CLANG_CXX_LANGUAGE_STANDARD = "gnu++14";
				CLANG_CXX_LIBRARY = "libc++";
				CLANG_ENABLE_MODULES = YES;
				CLANG_ENABLE_OBJC_ARC = YES;
				CLANG_ENABLE_OBJC_WEAK = YES;
				CLANG_WARN_BLOCK_CAPTURE_AUTORELEASING = YES;
				CLANG_WARN_BOOL_CONVERSION = YES;
				CLANG_WARN_COMMA = YES;
				CLANG_WARN_CONSTANT_CONVERSION = YES;
				CLANG_WARN_DEPRECATED_OBJC_IMPLEMENTATIONS = YES;
				CLANG_WARN_DIRECT_OBJC_ISA_USAGE = YES_ERROR;
				CLANG_WARN_DOCUMENTATION_COMMENTS = YES;
				CLANG_WARN_EMPTY_BODY = YES;
				CLANG_WARN_ENUM_CONVERSION = YES;
				CLANG_WARN_INFINITE_RECURSION = YES;
				CLANG_WARN_INT_CONVERSION = YES;
				CLANG_WARN_NON_LITERAL_NULL_CONVERSION = YES;
				CLANG_WARN_OBJC_IMPLICIT_RETAIN_SELF = YES;
				CLANG_WARN_OBJC_LITERAL_CONVERSION = YES;
				CLANG_WARN_OBJC_ROOT_CLASS = YES_ERROR;
				CLANG_WARN_RANGE_LOOP_ANALYSIS = YES;
				CLANG_WARN_STRICT_PROTOTYPES = YES;
				CLANG_WARN_SUSPICIOUS_MOVE = YES;
				CLANG_WARN_UNGUARDED_AVAILABILITY = YES_AGGRESSIVE;
				CLANG_WARN_UNREACHABLE_CODE = YES;
				CLANG_WARN__DUPLICATE_METHOD_MATCH = YES;
				COPY_PHASE_STRIP = NO;
				DEBUG_INFORMATION_FORMAT = dwarf;
				ENABLE_STRICT_OBJC_MSGSEND = YES;
				ENABLE_TESTABILITY = YES;
				GCC_C_LANGUAGE_STANDARD = gnu11;
				GCC_DYNAMIC_NO_PIC = NO;
				GCC_NO_COMMON_BLOCKS = YES;
				GCC_OPTIMIZATION_LEVEL = 0;
				GCC_PREPROCESSOR_DEFINITIONS = (
					"DEBUG=1",
					"$(inherited)",
				);
				GCC_WARN_64_TO_32_BIT_CONVERSION = YES;
				GCC_WARN_ABOUT_RETURN_TYPE = YES_ERROR;
				GCC_WARN_UNDECLARED_SELECTOR = YES;
				GCC_WARN_UNINITIALIZED_AUTOS = YES_AGGRESSIVE;
				GCC_WARN_UNUSED_FUNCTION = YES;
				GCC_WARN_UNUSED_VARIABLE = YES;
				IPHONEOS_DEPLOYMENT_TARGET = 13.5;
				MTL_ENABLE_DEBUG_INFO = INCLUDE_SOURCE;
				MTL_FAST_MATH = YES;
				ONLY_ACTIVE_ARCH = YES;
				SDKROOT = iphoneos;
				SWIFT_ACTIVE_COMPILATION_CONDITIONS = DEBUG;
				SWIFT_OPTIMIZATION_LEVEL = "-Onone";
			};
			name = Debug;
		};
		4C60FFB424DE645A00F3BD9F /* Release */ = {
			isa = XCBuildConfiguration;
			buildSettings = {
				ALWAYS_SEARCH_USER_PATHS = NO;
				CLANG_ANALYZER_NONNULL = YES;
				CLANG_ANALYZER_NUMBER_OBJECT_CONVERSION = YES_AGGRESSIVE;
				CLANG_CXX_LANGUAGE_STANDARD = "gnu++14";
				CLANG_CXX_LIBRARY = "libc++";
				CLANG_ENABLE_MODULES = YES;
				CLANG_ENABLE_OBJC_ARC = YES;
				CLANG_ENABLE_OBJC_WEAK = YES;
				CLANG_WARN_BLOCK_CAPTURE_AUTORELEASING = YES;
				CLANG_WARN_BOOL_CONVERSION = YES;
				CLANG_WARN_COMMA = YES;
				CLANG_WARN_CONSTANT_CONVERSION = YES;
				CLANG_WARN_DEPRECATED_OBJC_IMPLEMENTATIONS = YES;
				CLANG_WARN_DIRECT_OBJC_ISA_USAGE = YES_ERROR;
				CLANG_WARN_DOCUMENTATION_COMMENTS = YES;
				CLANG_WARN_EMPTY_BODY = YES;
				CLANG_WARN_ENUM_CONVERSION = YES;
				CLANG_WARN_INFINITE_RECURSION = YES;
				CLANG_WARN_INT_CONVERSION = YES;
				CLANG_WARN_NON_LITERAL_NULL_CONVERSION = YES;
				CLANG_WARN_OBJC_IMPLICIT_RETAIN_SELF = YES;
				CLANG_WARN_OBJC_LITERAL_CONVERSION = YES;
				CLANG_WARN_OBJC_ROOT_CLASS = YES_ERROR;
				CLANG_WARN_RANGE_LOOP_ANALYSIS = YES;
				CLANG_WARN_STRICT_PROTOTYPES = YES;
				CLANG_WARN_SUSPICIOUS_MOVE = YES;
				CLANG_WARN_UNGUARDED_AVAILABILITY = YES_AGGRESSIVE;
				CLANG_WARN_UNREACHABLE_CODE = YES;
				CLANG_WARN__DUPLICATE_METHOD_MATCH = YES;
				COPY_PHASE_STRIP = NO;
				DEBUG_INFORMATION_FORMAT = "dwarf-with-dsym";
				ENABLE_NS_ASSERTIONS = NO;
				ENABLE_STRICT_OBJC_MSGSEND = YES;
				GCC_C_LANGUAGE_STANDARD = gnu11;
				GCC_NO_COMMON_BLOCKS = YES;
				GCC_WARN_64_TO_32_BIT_CONVERSION = YES;
				GCC_WARN_ABOUT_RETURN_TYPE = YES_ERROR;
				GCC_WARN_UNDECLARED_SELECTOR = YES;
				GCC_WARN_UNINITIALIZED_AUTOS = YES_AGGRESSIVE;
				GCC_WARN_UNUSED_FUNCTION = YES;
				GCC_WARN_UNUSED_VARIABLE = YES;
				IPHONEOS_DEPLOYMENT_TARGET = 13.5;
				MTL_ENABLE_DEBUG_INFO = NO;
				MTL_FAST_MATH = YES;
				SDKROOT = iphoneos;
				SWIFT_COMPILATION_MODE = wholemodule;
				SWIFT_OPTIMIZATION_LEVEL = "-O";
				VALIDATE_PRODUCT = YES;
			};
			name = Release;
		};
		4C60FFB624DE645A00F3BD9F /* Debug */ = {
			isa = XCBuildConfiguration;
			baseConfigurationReference = A4352A3D110E1E8CB54E7271 /* Pods-CharityDonationApp.debug.xcconfig */;
			buildSettings = {
				ASSETCATALOG_COMPILER_APPICON_NAME = AppIcon;
				CODE_SIGN_STYLE = Automatic;
				FRAMEWORK_SEARCH_PATHS = (
					"$(inherited)",
					"$(PROJECT_DIR)",
					"$(PROJECT_DIR)/CharityDonationApp",
				);
				INFOPLIST_FILE = CharityDonationApp/Info.plist;
				LD_RUNPATH_SEARCH_PATHS = (
					"$(inherited)",
					"@executable_path/Frameworks",
				);
				PRODUCT_BUNDLE_IDENTIFIER = com.ramesh.restaurant.CharityDonationApp;
				PRODUCT_NAME = "$(TARGET_NAME)";
				SWIFT_VERSION = 5.0;
				TARGETED_DEVICE_FAMILY = "1,2";
			};
			name = Debug;
		};
		4C60FFB724DE645A00F3BD9F /* Release */ = {
			isa = XCBuildConfiguration;
			baseConfigurationReference = 0F33535149D8D6E1E8206051 /* Pods-CharityDonationApp.release.xcconfig */;
			buildSettings = {
				ASSETCATALOG_COMPILER_APPICON_NAME = AppIcon;
				CODE_SIGN_STYLE = Automatic;
				FRAMEWORK_SEARCH_PATHS = (
					"$(inherited)",
					"$(PROJECT_DIR)",
					"$(PROJECT_DIR)/CharityDonationApp",
				);
				INFOPLIST_FILE = CharityDonationApp/Info.plist;
				LD_RUNPATH_SEARCH_PATHS = (
					"$(inherited)",
					"@executable_path/Frameworks",
				);
				PRODUCT_BUNDLE_IDENTIFIER = com.ramesh.restaurant.CharityDonationApp;
				PRODUCT_NAME = "$(TARGET_NAME)";
				SWIFT_VERSION = 5.0;
				TARGETED_DEVICE_FAMILY = "1,2";
			};
			name = Release;
		};
		4C60FFB924DE645A00F3BD9F /* Debug */ = {
			isa = XCBuildConfiguration;
			baseConfigurationReference = 38C58917246AA99600008FC2 /* Pods-CharityDonationAppTests.debug.xcconfig */;
			buildSettings = {
				ALWAYS_EMBED_SWIFT_STANDARD_LIBRARIES = YES;
				BUNDLE_LOADER = "$(TEST_HOST)";
				CODE_SIGN_STYLE = Automatic;
				INFOPLIST_FILE = CharityDonationAppTests/Info.plist;
				IPHONEOS_DEPLOYMENT_TARGET = 13.5;
				LD_RUNPATH_SEARCH_PATHS = (
					"$(inherited)",
					"@executable_path/Frameworks",
					"@loader_path/Frameworks",
				);
				PRODUCT_BUNDLE_IDENTIFIER = com.ramesh.restaurant.CharityDonationAppTests;
				PRODUCT_NAME = "$(TARGET_NAME)";
				SWIFT_VERSION = 5.0;
				TARGETED_DEVICE_FAMILY = "1,2";
				TEST_HOST = "$(BUILT_PRODUCTS_DIR)/CharityDonationApp.app/CharityDonationApp";
			};
			name = Debug;
		};
		4C60FFBA24DE645A00F3BD9F /* Release */ = {
			isa = XCBuildConfiguration;
			baseConfigurationReference = 5DEF33FC8BFC2FD327CE2DEF /* Pods-CharityDonationAppTests.release.xcconfig */;
			buildSettings = {
				ALWAYS_EMBED_SWIFT_STANDARD_LIBRARIES = YES;
				BUNDLE_LOADER = "$(TEST_HOST)";
				CODE_SIGN_STYLE = Automatic;
				INFOPLIST_FILE = CharityDonationAppTests/Info.plist;
				IPHONEOS_DEPLOYMENT_TARGET = 13.5;
				LD_RUNPATH_SEARCH_PATHS = (
					"$(inherited)",
					"@executable_path/Frameworks",
					"@loader_path/Frameworks",
				);
				PRODUCT_BUNDLE_IDENTIFIER = com.ramesh.restaurant.CharityDonationAppTests;
				PRODUCT_NAME = "$(TARGET_NAME)";
				SWIFT_VERSION = 5.0;
				TARGETED_DEVICE_FAMILY = "1,2";
				TEST_HOST = "$(BUILT_PRODUCTS_DIR)/CharityDonationApp.app/CharityDonationApp";
			};
			name = Release;
		};
		4C60FFBC24DE645A00F3BD9F /* Debug */ = {
			isa = XCBuildConfiguration;
			baseConfigurationReference = 7B9C47E818BFB6EF1C4A5B7C /* Pods-CharityDonationApp-CharityDonationAppUITests.debug.xcconfig */;
			buildSettings = {
				ALWAYS_EMBED_SWIFT_STANDARD_LIBRARIES = YES;
				CODE_SIGN_STYLE = Automatic;
				INFOPLIST_FILE = CharityDonationAppUITests/Info.plist;
				LD_RUNPATH_SEARCH_PATHS = (
					"$(inherited)",
					"@executable_path/Frameworks",
					"@loader_path/Frameworks",
				);
				PRODUCT_BUNDLE_IDENTIFIER = com.ramesh.restaurant.CharityDonationAppUITests;
				PRODUCT_NAME = "$(TARGET_NAME)";
				SWIFT_VERSION = 5.0;
				TARGETED_DEVICE_FAMILY = "1,2";
				TEST_TARGET_NAME = CharityDonationApp;
			};
			name = Debug;
		};
		4C60FFBD24DE645A00F3BD9F /* Release */ = {
			isa = XCBuildConfiguration;
			baseConfigurationReference = 575FD5BC0FC3B40466914E32 /* Pods-CharityDonationApp-CharityDonationAppUITests.release.xcconfig */;
			buildSettings = {
				ALWAYS_EMBED_SWIFT_STANDARD_LIBRARIES = YES;
				CODE_SIGN_STYLE = Automatic;
				INFOPLIST_FILE = CharityDonationAppUITests/Info.plist;
				LD_RUNPATH_SEARCH_PATHS = (
					"$(inherited)",
					"@executable_path/Frameworks",
					"@loader_path/Frameworks",
				);
				PRODUCT_BUNDLE_IDENTIFIER = com.ramesh.restaurant.CharityDonationAppUITests;
				PRODUCT_NAME = "$(TARGET_NAME)";
				SWIFT_VERSION = 5.0;
				TARGETED_DEVICE_FAMILY = "1,2";
				TEST_TARGET_NAME = CharityDonationApp;
			};
			name = Release;
		};
/* End XCBuildConfiguration section */

/* Begin XCConfigurationList section */
		4C60FF8624DE644B00F3BD9F /* Build configuration list for PBXProject "CharityDonationApp" */ = {
			isa = XCConfigurationList;
			buildConfigurations = (
				4C60FFB324DE645A00F3BD9F /* Debug */,
				4C60FFB424DE645A00F3BD9F /* Release */,
			);
			defaultConfigurationIsVisible = 0;
			defaultConfigurationName = Release;
		};
		4C60FFB524DE645A00F3BD9F /* Build configuration list for PBXNativeTarget "CharityDonationApp" */ = {
			isa = XCConfigurationList;
			buildConfigurations = (
				4C60FFB624DE645A00F3BD9F /* Debug */,
				4C60FFB724DE645A00F3BD9F /* Release */,
			);
			defaultConfigurationIsVisible = 0;
			defaultConfigurationName = Release;
		};
		4C60FFB824DE645A00F3BD9F /* Build configuration list for PBXNativeTarget "CharityDonationAppTests" */ = {
			isa = XCConfigurationList;
			buildConfigurations = (
				4C60FFB924DE645A00F3BD9F /* Debug */,
				4C60FFBA24DE645A00F3BD9F /* Release */,
			);
			defaultConfigurationIsVisible = 0;
			defaultConfigurationName = Release;
		};
		4C60FFBB24DE645A00F3BD9F /* Build configuration list for PBXNativeTarget "CharityDonationAppUITests" */ = {
			isa = XCConfigurationList;
			buildConfigurations = (
				4C60FFBC24DE645A00F3BD9F /* Debug */,
				4C60FFBD24DE645A00F3BD9F /* Release */,
			);
			defaultConfigurationIsVisible = 0;
			defaultConfigurationName = Release;
		};
/* End XCConfigurationList section */
	};
	rootObject = 4C60FF8324DE644B00F3BD9F /* Project object */;
}
